
Microsoft Visual Studio Solution File, Format Version 12.00
# Visual Studio Version 17
VisualStudioVersion = 17.14.36511.14 d17.14
MinimumVisualStudioVersion = 10.0.40219.1
Project("{FAE04EC0-301F-11D3-BF4B-00C04F79EFBC}") = "ChildPlusKidkareSync", "ChildPlusKidkareSync.csproj", "{F4D52FFF-73C6-4D77-84B8-0A4D96892554}"
EndProject
Global
	GlobalSection(SolutionConfigurationPlatforms) = preSolution
		Debug|Any CPU = Debug|Any CPU
		Release|Any CPU = Release|Any CPU
	EndGlobalSection
	GlobalSection(ProjectConfigurationPlatforms) = postSolution
		{F4D52FFF-73C6-4D77-84B8-0A4D96892554}.Debug|Any CPU.ActiveCfg = Debug|Any CPU
		{F4D52FFF-73C6-4D77-84B8-0A4D96892554}.Debug|Any CPU.Build.0 = Debug|Any CPU
		{F4D52FFF-73C6-4D77-84B8-0A4D96892554}.Release|Any CPU.ActiveCfg = Release|Any CPU
		{F4D52FFF-73C6-4D77-84B8-0A4D96892554}.Release|Any CPU.Build.0 = Release|Any CPU
	EndGlobalSection
	GlobalSection(SolutionProperties) = preSolution
		HideSolutionNode = FALSE
	EndGlobalSection
	GlobalSection(ExtensibilityGlobals) = postSolution
		SolutionGuid = {868B91EE-F19B-4097-BF32-85BD44E22C81}
	EndGlobalSection
EndGlobal
